
Microsoft Visual Studio Solution File, Format Version 12.00
# Visual Studio Version 16
VisualStudioVersion = 16.0.30611.23
MinimumVisualStudioVersion = 10.0.40219.1
Project("{9A19103F-16F7-4668-BE54-9A1E7A4F7556}") = "HelloVersion", "HelloVersion.csproj", "{659CBDD1-4739-4B1E-934B-0626E3926C73}"
EndProject
Global
	GlobalSection(SolutionConfigurationPlatforms) = preSolution
		Debug|Any CPU = Debug|Any CPU
		Release|Any CPU = Release|Any CPU
	EndGlobalSection
	GlobalSection(ProjectConfigurationPlatforms) = postSolution
		{659CBDD1-4739-4B1E-934B-0626E3926C73}.Debug|Any CPU.ActiveCfg = Debug|Any CPU
		{659CBDD1-4739-4B1E-934B-0626E3926C73}.Debug|Any CPU.Build.0 = Debug|Any CPU
		{659CBDD1-4739-4B1E-934B-0626E3926C73}.Release|Any CPU.ActiveCfg = Release|Any CPU
		{659CBDD1-4739-4B1E-934B-0626E3926C73}.Release|Any CPU.Build.0 = Release|Any CPU
	EndGlobalSection
	GlobalSection(SolutionProperties) = preSolution
		HideSolutionNode = FALSE
	EndGlobalSection
	GlobalSection(ExtensibilityGlobals) = postSolution
		SolutionGuid = {6B9E0C58-1AF2-45C4-AFE9-B0A8E48E62D3}
	EndGlobalSection
EndGlobal
